
Microsoft Visual Studio Solution File, Format Version 12.00
# Visual Studio 14
VisualStudioVersion = 14.0.25420.1
MinimumVisualStudioVersion = 10.0.40219.1
Project("{8BC9CEB8-8B4A-11D0-8D11-00A0C91BC942}") = "Exercise1A", "GLFWTriangleTest\GLFWTriangleTest.vcxproj", "{DECD595B-49B7-4C04-BA15-A421BE6D190B}"
EndProject
Project("{8BC9CEB8-8B4A-11D0-8D11-00A0C91BC942}") = "Exercise1B", "Exercise2\Exercise2.vcxproj", "{390FC9BA-8FC1-4E2F-9A90-FC3DFAF959D3}"
EndProject
Project("{8BC9CEB8-8B4A-11D0-8D11-00A0C91BC942}") = "Exercise2B", "Exercise2A\Exercise2A.vcxproj", "{FFCFF5C7-04C4-4D4A-B73E-3E3A4E93571E}"
EndProject
Project("{8BC9CEB8-8B4A-11D0-8D11-00A0C91BC942}") = "Exercise2AA", "Exercise2AA\Exercise2AA.vcxproj", "{AF42235F-6334-4368-9CCA-4B45258FE167}"
EndProject
Project("{8BC9CEB8-8B4A-11D0-8D11-00A0C91BC942}") = "Exercise3", "Exercise3\Exercise3.vcxproj", "{B35E05F2-D10A-484E-AB90-EABFB7EF5DF7}"
EndProject
Global
	GlobalSection(SolutionConfigurationPlatforms) = preSolution
		Debug|x64 = Debug|x64
		Debug|x86 = Debug|x86
		Release|x64 = Release|x64
		Release|x86 = Release|x86
	EndGlobalSection
	GlobalSection(ProjectConfigurationPlatforms) = postSolution
		{DECD595B-49B7-4C04-BA15-A421BE6D190B}.Debug|x64.ActiveCfg = Debug|x64
		{DECD595B-49B7-4C04-BA15-A421BE6D190B}.Debug|x64.Build.0 = Debug|x64
		{DECD595B-49B7-4C04-BA15-A421BE6D190B}.Debug|x86.ActiveCfg = Debug|Win32
		{DECD595B-49B7-4C04-BA15-A421BE6D190B}.Debug|x86.Build.0 = Debug|Win32
		{DECD595B-49B7-4C04-BA15-A421BE6D190B}.Release|x64.ActiveCfg = Release|x64
		{DECD595B-49B7-4C04-BA15-A421BE6D190B}.Release|x64.Build.0 = Release|x64
		{DECD595B-49B7-4C04-BA15-A421BE6D190B}.Release|x86.ActiveCfg = Release|Win32
		{DECD595B-49B7-4C04-BA15-A421BE6D190B}.Release|x86.Build.0 = Release|Win32
		{390FC9BA-8FC1-4E2F-9A90-FC3DFAF959D3}.Debug|x64.ActiveCfg = Debug|x64
		{390FC9BA-8FC1-4E2F-9A90-FC3DFAF959D3}.Debug|x64.Build.0 = Debug|x64
		{390FC9BA-8FC1-4E2F-9A90-FC3DFAF959D3}.Debug|x86.ActiveCfg = Debug|Win32
		{390FC9BA-8FC1-4E2F-9A90-FC3DFAF959D3}.Debug|x86.Build.0 = Debug|Win32
		{390FC9BA-8FC1-4E2F-9A90-FC3DFAF959D3}.Release|x64.ActiveCfg = Release|x64
		{390FC9BA-8FC1-4E2F-9A90-FC3DFAF959D3}.Release|x64.Build.0 = Release|x64
		{390FC9BA-8FC1-4E2F-9A90-FC3DFAF959D3}.Release|x86.ActiveCfg = Release|Win32
		{390FC9BA-8FC1-4E2F-9A90-FC3DFAF959D3}.Release|x86.Build.0 = Release|Win32
		{FFCFF5C7-04C4-4D4A-B73E-3E3A4E93571E}.Debug|x64.ActiveCfg = Debug|x64
		{FFCFF5C7-04C4-4D4A-B73E-3E3A4E93571E}.Debug|x64.Build.0 = Debug|x64
		{FFCFF5C7-04C4-4D4A-B73E-3E3A4E93571E}.Debug|x86.ActiveCfg = Debug|Win32
		{FFCFF5C7-04C4-4D4A-B73E-3E3A4E93571E}.Debug|x86.Build.0 = Debug|Win32
		{FFCFF5C7-04C4-4D4A-B73E-3E3A4E93571E}.Release|x64.ActiveCfg = Release|x64
		{FFCFF5C7-04C4-4D4A-B73E-3E3A4E93571E}.Release|x64.Build.0 = Release|x64
		{FFCFF5C7-04C4-4D4A-B73E-3E3A4E93571E}.Release|x86.ActiveCfg = Release|Win32
		{FFCFF5C7-04C4-4D4A-B73E-3E3A4E93571E}.Release|x86.Build.0 = Release|Win32
		{AF42235F-6334-4368-9CCA-4B45258FE167}.Debug|x64.ActiveCfg = Debug|x64
		{AF42235F-6334-4368-9CCA-4B45258FE167}.Debug|x64.Build.0 = Debug|x64
		{AF42235F-6334-4368-9CCA-4B45258FE167}.Debug|x86.ActiveCfg = Debug|Win32
		{AF42235F-6334-4368-9CCA-4B45258FE167}.Debug|x86.Build.0 = Debug|Win32
		{AF42235F-6334-4368-9CCA-4B45258FE167}.Release|x64.ActiveCfg = Release|x64
		{AF42235F-6334-4368-9CCA-4B45258FE167}.Release|x64.Build.0 = Release|x64
		{AF42235F-6334-4368-9CCA-4B45258FE167}.Release|x86.ActiveCfg = Release|Win32
		{AF42235F-6334-4368-9CCA-4B45258FE167}.Release|x86.Build.0 = Release|Win32
		{B35E05F2-D10A-484E-AB90-EABFB7EF5DF7}.Debug|x64.ActiveCfg = Debug|x64
		{B35E05F2-D10A-484E-AB90-EABFB7EF5DF7}.Debug|x64.Build.0 = Debug|x64
		{B35E05F2-D10A-484E-AB90-EABFB7EF5DF7}.Debug|x86.ActiveCfg = Debug|Win32
		{B35E05F2-D10A-484E-AB90-EABFB7EF5DF7}.Debug|x86.Build.0 = Debug|Win32
		{B35E05F2-D10A-484E-AB90-EABFB7EF5DF7}.Release|x64.ActiveCfg = Release|x64
		{B35E05F2-D10A-484E-AB90-EABFB7EF5DF7}.Release|x64.Build.0 = Release|x64
		{B35E05F2-D10A-484E-AB90-EABFB7EF5DF7}.Release|x86.ActiveCfg = Release|Win32
		{B35E05F2-D10A-484E-AB90-EABFB7EF5DF7}.Release|x86.Build.0 = Release|Win32
	EndGlobalSection
	GlobalSection(SolutionProperties) = preSolution
		HideSolutionNode = FALSE
	EndGlobalSection
EndGlobal
